
Microsoft Visual Studio Solution File, Format Version 12.00
# Visual Studio Version 17
VisualStudioVersion = 17.8.34004.107
MinimumVisualStudioVersion = 10.0.40219.1
Project("{FAE04EC0-301F-11D3-BF4B-00C04F79EFBC}") = "DemoBlazorServerRecipe", "DemoBlazorServerRecipe\DemoBlazorServerRecipe.csproj", "{67EC7CC7-C2EF-44B4-B237-4B1A34C6CDD4}"
EndProject
Global
	GlobalSection(SolutionConfigurationPlatforms) = preSolution
		Debug|Any CPU = Debug|Any CPU
		Release|Any CPU = Release|Any CPU
	EndGlobalSection
	GlobalSection(ProjectConfigurationPlatforms) = postSolution
		{67EC7CC7-C2EF-44B4-B237-4B1A34C6CDD4}.Debug|Any CPU.ActiveCfg = Debug|Any CPU
		{67EC7CC7-C2EF-44B4-B237-4B1A34C6CDD4}.Debug|Any CPU.Build.0 = Debug|Any CPU
		{67EC7CC7-C2EF-44B4-B237-4B1A34C6CDD4}.Release|Any CPU.ActiveCfg = Release|Any CPU
		{67EC7CC7-C2EF-44B4-B237-4B1A34C6CDD4}.Release|Any CPU.Build.0 = Release|Any CPU
	EndGlobalSection
	GlobalSection(SolutionProperties) = preSolution
		HideSolutionNode = FALSE
	EndGlobalSection
	GlobalSection(ExtensibilityGlobals) = postSolution
		SolutionGuid = {ED944D42-A50A-4005-8EFC-84AF57440AF6}
	EndGlobalSection
EndGlobal
